
Microsoft Visual Studio Solution File, Format Version 12.00
# Visual Studio Version 17
VisualStudioVersion = 17.8.34322.80
MinimumVisualStudioVersion = 10.0.40219.1
Project("{FAE04EC0-301F-11D3-BF4B-00C04F79EFBC}") = "jeu_de_maths", "jeu_de_maths.csproj", "{74D2B205-F83F-488C-A75C-12360DE0F0FC}"
EndProject
Global
	GlobalSection(SolutionConfigurationPlatforms) = preSolution
		Debug|Any CPU = Debug|Any CPU
		Release|Any CPU = Release|Any CPU
	EndGlobalSection
	GlobalSection(ProjectConfigurationPlatforms) = postSolution
		{74D2B205-F83F-488C-A75C-12360DE0F0FC}.Debug|Any CPU.ActiveCfg = Debug|Any CPU
		{74D2B205-F83F-488C-A75C-12360DE0F0FC}.Debug|Any CPU.Build.0 = Debug|Any CPU
		{74D2B205-F83F-488C-A75C-12360DE0F0FC}.Release|Any CPU.ActiveCfg = Release|Any CPU
		{74D2B205-F83F-488C-A75C-12360DE0F0FC}.Release|Any CPU.Build.0 = Release|Any CPU
	EndGlobalSection
	GlobalSection(SolutionProperties) = preSolution
		HideSolutionNode = FALSE
	EndGlobalSection
	GlobalSection(ExtensibilityGlobals) = postSolution
		SolutionGuid = {75F455E6-8B27-48B7-B7B8-F1A9BDC138AC}
	EndGlobalSection
EndGlobal
